
Microsoft Visual Studio Solution File, Format Version 12.00
# Visual Studio 15
VisualStudioVersion = 15.0.28307.329
MinimumVisualStudioVersion = 10.0.40219.1
Project("{8BC9CEB8-8B4A-11D0-8D11-00A0C91BC942}") = "Multiplayer_game_sim", "Multiplayer_game_sim\Multiplayer_game_sim.vcxproj", "{CAB6BB4A-FD3B-492C-8B16-6520FA7390CE}"
EndProject
Global
	GlobalSection(SolutionConfigurationPlatforms) = preSolution
		Debug|x64 = Debug|x64
		Debug|x86 = Debug|x86
		Release|x64 = Release|x64
		Release|x86 = Release|x86
	EndGlobalSection
	GlobalSection(ProjectConfigurationPlatforms) = postSolution
		{CAB6BB4A-FD3B-492C-8B16-6520FA7390CE}.Debug|x64.ActiveCfg = Debug|x64
		{CAB6BB4A-FD3B-492C-8B16-6520FA7390CE}.Debug|x64.Build.0 = Debug|x64
		{CAB6BB4A-FD3B-492C-8B16-6520FA7390CE}.Debug|x86.ActiveCfg = Debug|Win32
		{CAB6BB4A-FD3B-492C-8B16-6520FA7390CE}.Debug|x86.Build.0 = Debug|Win32
		{CAB6BB4A-FD3B-492C-8B16-6520FA7390CE}.Release|x64.ActiveCfg = Release|x64
		{CAB6BB4A-FD3B-492C-8B16-6520FA7390CE}.Release|x64.Build.0 = Release|x64
		{CAB6BB4A-FD3B-492C-8B16-6520FA7390CE}.Release|x86.ActiveCfg = Release|Win32
		{CAB6BB4A-FD3B-492C-8B16-6520FA7390CE}.Release|x86.Build.0 = Release|Win32
	EndGlobalSection
	GlobalSection(SolutionProperties) = preSolution
		HideSolutionNode = FALSE
	EndGlobalSection
	GlobalSection(ExtensibilityGlobals) = postSolution
		SolutionGuid = {282F6863-D26F-4B02-BCED-6A6E1BE89469}
	EndGlobalSection
EndGlobal
